
Microsoft Visual Studio Solution File, Format Version 12.00
# Visual Studio Version 17
VisualStudioVersion = 17.0.31903.59
MinimumVisualStudioVersion = 10.0.40219.1
Project("{2150E333-8FDC-42A3-9474-1A3956D46DE8}") = "test", "test", "{B1857C46-28AA-4E11-A6A2-2F02232AECE4}"
EndProject
Project("{2150E333-8FDC-42A3-9474-1A3956D46DE8}") = "src", "src", "{CE6E9D76-EBBF-4DF3-A0E6-C93FA8E98585}"
EndProject
Project("{9A19103F-16F7-4668-BE54-9A1E7A4F7556}") = "RetirementManager.WPF", "src\RetirementManager.WPF\RetirementManager.WPF.csproj", "{33002A4A-CFBB-44F9-B758-7034EE35D1AE}"
EndProject
Project("{9A19103F-16F7-4668-BE54-9A1E7A4F7556}") = "RetirementManager.Database", "src\RetirementManagerr.Database\RetirementManager.Database.csproj", "{4721A3BB-B048-4BFD-AC94-6188D6FCFB6B}"
EndProject
Project("{9A19103F-16F7-4668-BE54-9A1E7A4F7556}") = "RetirementManager.Domain", "src\RetirementManagerr.Domain\RetirementManager.Domain.csproj", "{8DEFF57C-C3CF-4DC3-8793-15B4AEA51333}"
EndProject
Project("{9A19103F-16F7-4668-BE54-9A1E7A4F7556}") = "RetirementManager.WPF.Tests.Unit", "test\RetirementManager.WPF.Tests.Unit\RetirementManager.WPF.Tests.Unit.csproj", "{C3C4CA33-CEA0-4469-B98E-230542C53147}"
EndProject
Global
	GlobalSection(SolutionConfigurationPlatforms) = preSolution
		Debug|Any CPU = Debug|Any CPU
		Release|Any CPU = Release|Any CPU
	EndGlobalSection
	GlobalSection(ProjectConfigurationPlatforms) = postSolution
		{33002A4A-CFBB-44F9-B758-7034EE35D1AE}.Debug|Any CPU.ActiveCfg = Debug|Any CPU
		{33002A4A-CFBB-44F9-B758-7034EE35D1AE}.Debug|Any CPU.Build.0 = Debug|Any CPU
		{33002A4A-CFBB-44F9-B758-7034EE35D1AE}.Release|Any CPU.ActiveCfg = Release|Any CPU
		{33002A4A-CFBB-44F9-B758-7034EE35D1AE}.Release|Any CPU.Build.0 = Release|Any CPU
		{4721A3BB-B048-4BFD-AC94-6188D6FCFB6B}.Debug|Any CPU.ActiveCfg = Debug|Any CPU
		{4721A3BB-B048-4BFD-AC94-6188D6FCFB6B}.Debug|Any CPU.Build.0 = Debug|Any CPU
		{4721A3BB-B048-4BFD-AC94-6188D6FCFB6B}.Release|Any CPU.ActiveCfg = Release|Any CPU
		{4721A3BB-B048-4BFD-AC94-6188D6FCFB6B}.Release|Any CPU.Build.0 = Release|Any CPU
		{8DEFF57C-C3CF-4DC3-8793-15B4AEA51333}.Debug|Any CPU.ActiveCfg = Debug|Any CPU
		{8DEFF57C-C3CF-4DC3-8793-15B4AEA51333}.Debug|Any CPU.Build.0 = Debug|Any CPU
		{8DEFF57C-C3CF-4DC3-8793-15B4AEA51333}.Release|Any CPU.ActiveCfg = Release|Any CPU
		{8DEFF57C-C3CF-4DC3-8793-15B4AEA51333}.Release|Any CPU.Build.0 = Release|Any CPU
		{C3C4CA33-CEA0-4469-B98E-230542C53147}.Debug|Any CPU.ActiveCfg = Debug|Any CPU
		{C3C4CA33-CEA0-4469-B98E-230542C53147}.Debug|Any CPU.Build.0 = Debug|Any CPU
		{C3C4CA33-CEA0-4469-B98E-230542C53147}.Release|Any CPU.ActiveCfg = Release|Any CPU
		{C3C4CA33-CEA0-4469-B98E-230542C53147}.Release|Any CPU.Build.0 = Release|Any CPU
	EndGlobalSection
	GlobalSection(SolutionProperties) = preSolution
		HideSolutionNode = FALSE
	EndGlobalSection
	GlobalSection(NestedProjects) = preSolution
		{33002A4A-CFBB-44F9-B758-7034EE35D1AE} = {CE6E9D76-EBBF-4DF3-A0E6-C93FA8E98585}
		{4721A3BB-B048-4BFD-AC94-6188D6FCFB6B} = {CE6E9D76-EBBF-4DF3-A0E6-C93FA8E98585}
		{8DEFF57C-C3CF-4DC3-8793-15B4AEA51333} = {CE6E9D76-EBBF-4DF3-A0E6-C93FA8E98585}
		{C3C4CA33-CEA0-4469-B98E-230542C53147} = {B1857C46-28AA-4E11-A6A2-2F02232AECE4}
	EndGlobalSection
	GlobalSection(ExtensibilityGlobals) = postSolution
		SolutionGuid = {0E55F9C5-052F-404C-ABCC-0CBD20C010B4}
	EndGlobalSection
EndGlobal
