
Microsoft Visual Studio Solution File, Format Version 12.00
# Visual Studio Version 17
VisualStudioVersion = 17.0.31903.59
MinimumVisualStudioVersion = 10.0.40219.1
Project("{2150E333-8FDC-42A3-9474-1A3956D46DE8}") = "test", "test", "{B1857C46-28AA-4E11-A6A2-2F02232AECE4}"
EndProject
Project("{2150E333-8FDC-42A3-9474-1A3956D46DE8}") = "src", "src", "{CE6E9D76-EBBF-4DF3-A0E6-C93FA8E98585}"
EndProject
Project("{FAE04EC0-301F-11D3-BF4B-00C04F79EFBC}") = "RetirementManagerr.Domain", "RetirementManagerr.Domain\RetirementManagerr.Domain.csproj", "{CA6D2BB5-2801-4C18-A0DF-EBB44C9FB293}"
EndProject
Project("{FAE04EC0-301F-11D3-BF4B-00C04F79EFBC}") = "RetirementManagerr.Database", "RetirementManagerr.Database\RetirementManagerr.Database.csproj", "{60437991-3567-4EB9-9B4C-A8EC7D8E4424}"
EndProject
Project("{FAE04EC0-301F-11D3-BF4B-00C04F79EFBC}") = "RetirementManager.WPF", "RetirementManager.WPF\RetirementManager.WPF.csproj", "{981A3FC9-B690-413C-A86C-E0ED918455DD}"
EndProject
Project("{FAE04EC0-301F-11D3-BF4B-00C04F79EFBC}") = "RetirementManager.WPF.Tests.Unit", "RetirementManager.WPF.Tests.Unit\RetirementManager.WPF.Tests.Unit.csproj", "{DCCBF4A8-4ABF-4DCE-B17E-E601E53BB8FE}"
EndProject
Global
	GlobalSection(SolutionConfigurationPlatforms) = preSolution
		Debug|Any CPU = Debug|Any CPU
		Release|Any CPU = Release|Any CPU
	EndGlobalSection
	GlobalSection(ProjectConfigurationPlatforms) = postSolution
		{CA6D2BB5-2801-4C18-A0DF-EBB44C9FB293}.Debug|Any CPU.ActiveCfg = Debug|Any CPU
		{CA6D2BB5-2801-4C18-A0DF-EBB44C9FB293}.Debug|Any CPU.Build.0 = Debug|Any CPU
		{CA6D2BB5-2801-4C18-A0DF-EBB44C9FB293}.Release|Any CPU.ActiveCfg = Release|Any CPU
		{CA6D2BB5-2801-4C18-A0DF-EBB44C9FB293}.Release|Any CPU.Build.0 = Release|Any CPU
		{60437991-3567-4EB9-9B4C-A8EC7D8E4424}.Debug|Any CPU.ActiveCfg = Debug|Any CPU
		{60437991-3567-4EB9-9B4C-A8EC7D8E4424}.Debug|Any CPU.Build.0 = Debug|Any CPU
		{60437991-3567-4EB9-9B4C-A8EC7D8E4424}.Release|Any CPU.ActiveCfg = Release|Any CPU
		{60437991-3567-4EB9-9B4C-A8EC7D8E4424}.Release|Any CPU.Build.0 = Release|Any CPU
		{981A3FC9-B690-413C-A86C-E0ED918455DD}.Debug|Any CPU.ActiveCfg = Debug|Any CPU
		{981A3FC9-B690-413C-A86C-E0ED918455DD}.Debug|Any CPU.Build.0 = Debug|Any CPU
		{981A3FC9-B690-413C-A86C-E0ED918455DD}.Release|Any CPU.ActiveCfg = Release|Any CPU
		{981A3FC9-B690-413C-A86C-E0ED918455DD}.Release|Any CPU.Build.0 = Release|Any CPU
		{DCCBF4A8-4ABF-4DCE-B17E-E601E53BB8FE}.Debug|Any CPU.ActiveCfg = Debug|Any CPU
		{DCCBF4A8-4ABF-4DCE-B17E-E601E53BB8FE}.Debug|Any CPU.Build.0 = Debug|Any CPU
		{DCCBF4A8-4ABF-4DCE-B17E-E601E53BB8FE}.Release|Any CPU.ActiveCfg = Release|Any CPU
		{DCCBF4A8-4ABF-4DCE-B17E-E601E53BB8FE}.Release|Any CPU.Build.0 = Release|Any CPU
	EndGlobalSection
	GlobalSection(SolutionProperties) = preSolution
		HideSolutionNode = FALSE
	EndGlobalSection
	GlobalSection(NestedProjects) = preSolution
		{CA6D2BB5-2801-4C18-A0DF-EBB44C9FB293} = {CE6E9D76-EBBF-4DF3-A0E6-C93FA8E98585}
		{60437991-3567-4EB9-9B4C-A8EC7D8E4424} = {CE6E9D76-EBBF-4DF3-A0E6-C93FA8E98585}
		{981A3FC9-B690-413C-A86C-E0ED918455DD} = {CE6E9D76-EBBF-4DF3-A0E6-C93FA8E98585}
		{DCCBF4A8-4ABF-4DCE-B17E-E601E53BB8FE} = {B1857C46-28AA-4E11-A6A2-2F02232AECE4}
	EndGlobalSection
	GlobalSection(ExtensibilityGlobals) = postSolution
		SolutionGuid = {0E55F9C5-052F-404C-ABCC-0CBD20C010B4}
	EndGlobalSection
EndGlobal
